
Microsoft Visual Studio Solution File, Format Version 12.00
# Visual Studio Version 17
VisualStudioVersion = 17.4.33213.308
MinimumVisualStudioVersion = 10.0.40219.1
Project("{FAE04EC0-301F-11D3-BF4B-00C04F79EFBC}") = "COURSE_CNTT", "COURSE_CNTT\COURSE_CNTT.csproj", "{43B7CCF3-3677-48AE-8082-C409A7A3C742}"
EndProject
Global
	GlobalSection(SolutionConfigurationPlatforms) = preSolution
		Debug|Any CPU = Debug|Any CPU
		Release|Any CPU = Release|Any CPU
	EndGlobalSection
	GlobalSection(ProjectConfigurationPlatforms) = postSolution
		{43B7CCF3-3677-48AE-8082-C409A7A3C742}.Debug|Any CPU.ActiveCfg = Debug|Any CPU
		{43B7CCF3-3677-48AE-8082-C409A7A3C742}.Debug|Any CPU.Build.0 = Debug|Any CPU
		{43B7CCF3-3677-48AE-8082-C409A7A3C742}.Release|Any CPU.ActiveCfg = Release|Any CPU
		{43B7CCF3-3677-48AE-8082-C409A7A3C742}.Release|Any CPU.Build.0 = Release|Any CPU
	EndGlobalSection
	GlobalSection(SolutionProperties) = preSolution
		HideSolutionNode = FALSE
	EndGlobalSection
	GlobalSection(ExtensibilityGlobals) = postSolution
		SolutionGuid = {16F5AF48-7F66-4702-9DD8-6D48BCD7D674}
	EndGlobalSection
EndGlobal
